
Microsoft Visual Studio Solution File, Format Version 12.00
# Visual Studio Version 17
VisualStudioVersion = 17.2.32616.157
MinimumVisualStudioVersion = 10.0.40219.1
Project("{FAE04EC0-301F-11D3-BF4B-00C04F79EFBC}") = "BouncingBallsDemo", "BouncingBallsDemo.csproj", "{2B022443-17D6-4BBC-99FC-B6D01BA10D0B}"
EndProject
Global
	GlobalSection(SolutionConfigurationPlatforms) = preSolution
		Debug|Any CPU = Debug|Any CPU
		Release|Any CPU = Release|Any CPU
	EndGlobalSection
	GlobalSection(ProjectConfigurationPlatforms) = postSolution
		{2B022443-17D6-4BBC-99FC-B6D01BA10D0B}.Debug|Any CPU.ActiveCfg = Debug|Any CPU
		{2B022443-17D6-4BBC-99FC-B6D01BA10D0B}.Debug|Any CPU.Build.0 = Debug|Any CPU
		{2B022443-17D6-4BBC-99FC-B6D01BA10D0B}.Release|Any CPU.ActiveCfg = Release|Any CPU
		{2B022443-17D6-4BBC-99FC-B6D01BA10D0B}.Release|Any CPU.Build.0 = Release|Any CPU
	EndGlobalSection
	GlobalSection(SolutionProperties) = preSolution
		HideSolutionNode = FALSE
	EndGlobalSection
	GlobalSection(ExtensibilityGlobals) = postSolution
		SolutionGuid = {7EE3DA37-D391-4553-AA7F-4AF12C47D3B3}
	EndGlobalSection
EndGlobal
